
Microsoft Visual Studio Solution File, Format Version 12.00
# Visual Studio Version 17
VisualStudioVersion = 17.7.34221.43
MinimumVisualStudioVersion = 10.0.40219.1
Project("{FAE04EC0-301F-11D3-BF4B-00C04F79EFBC}") = "pacman 2", "pacman 2.csproj", "{0CC1E295-6B78-4166-8C9F-E258ADBE749E}"
EndProject
Global
	GlobalSection(SolutionConfigurationPlatforms) = preSolution
		Debug|Any CPU = Debug|Any CPU
		Release|Any CPU = Release|Any CPU
	EndGlobalSection
	GlobalSection(ProjectConfigurationPlatforms) = postSolution
		{0CC1E295-6B78-4166-8C9F-E258ADBE749E}.Debug|Any CPU.ActiveCfg = Debug|Any CPU
		{0CC1E295-6B78-4166-8C9F-E258ADBE749E}.Debug|Any CPU.Build.0 = Debug|Any CPU
		{0CC1E295-6B78-4166-8C9F-E258ADBE749E}.Release|Any CPU.ActiveCfg = Release|Any CPU
		{0CC1E295-6B78-4166-8C9F-E258ADBE749E}.Release|Any CPU.Build.0 = Release|Any CPU
	EndGlobalSection
	GlobalSection(SolutionProperties) = preSolution
		HideSolutionNode = FALSE
	EndGlobalSection
	GlobalSection(ExtensibilityGlobals) = postSolution
		SolutionGuid = {E6643B1E-0A07-4463-B4E3-DBB1E2367C7B}
	EndGlobalSection
EndGlobal
